// !$*UTF8*$!
{
	archiveVersion = 1;
	classes = {
	};
	objectVersion = 56;
	objects = {

/* Begin PBXBuildFile section */
		CB245DF42B58994200E10119 /* HTTPMethods.swift in Sources */ = {isa = PBXBuildFile; fileRef = CB245DF32B58994200E10119 /* HTTPMethods.swift */; };
		CB245DF62B5899BC00E10119 /* NetworkErrors.swift in Sources */ = {isa = PBXBuildFile; fileRef = CB245DF52B5899BC00E10119 /* NetworkErrors.swift */; };
		CB245DF82B5899DD00E10119 /* NetworkRequestProtocol.swift in Sources */ = {isa = PBXBuildFile; fileRef = CB245DF72B5899DD00E10119 /* NetworkRequestProtocol.swift */; };
		CB245DFA2B5899FE00E10119 /* NetworkClientProtocol.swift in Sources */ = {isa = PBXBuildFile; fileRef = CB245DF92B5899FE00E10119 /* NetworkClientProtocol.swift */; };
		CB245DFC2B589A7300E10119 /* URL+Validation.swift in Sources */ = {isa = PBXBuildFile; fileRef = CB245DFB2B589A7300E10119 /* URL+Validation.swift */; };
		CB245E052B59587E00E10119 /* NetworkRequestProtocolExtensionTests.swift in Sources */ = {isa = PBXBuildFile; fileRef = CB245E042B59587E00E10119 /* NetworkRequestProtocolExtensionTests.swift */; };
		CB245E082B596D1800E10119 /* GetStatusRequest.swift in Sources */ = {isa = PBXBuildFile; fileRef = CB245E072B596D1800E10119 /* GetStatusRequest.swift */; };
		CB245E0A2B596DFE00E10119 /* NetworkService.swift in Sources */ = {isa = PBXBuildFile; fileRef = CB245E092B596DFE00E10119 /* NetworkService.swift */; };
		CB245E0D2B596E4700E10119 /* APIStatus.swift in Sources */ = {isa = PBXBuildFile; fileRef = CB245E0C2B596E4700E10119 /* APIStatus.swift */; };
		CB245E102B59721900E10119 /* GetStatusRequestTests.swift in Sources */ = {isa = PBXBuildFile; fileRef = CB245E0F2B59721900E10119 /* GetStatusRequestTests.swift */; };
		CB245E122B59732C00E10119 /* NetworkServiceTests.swift in Sources */ = {isa = PBXBuildFile; fileRef = CB245E112B59732C00E10119 /* NetworkServiceTests.swift */; };
		CB245E142B59829E00E10119 /* SportsData.swift in Sources */ = {isa = PBXBuildFile; fileRef = CB245E132B59829E00E10119 /* SportsData.swift */; };
		CB245E162B59838F00E10119 /* GetSportsDataRequest.swift in Sources */ = {isa = PBXBuildFile; fileRef = CB245E152B59838F00E10119 /* GetSportsDataRequest.swift */; };
		CB245E182B5983E800E10119 /* GetSportsDataRequestTests.swift in Sources */ = {isa = PBXBuildFile; fileRef = CB245E172B5983E800E10119 /* GetSportsDataRequestTests.swift */; };
		CB245E1C2B59972600E10119 /* Event.swift in Sources */ = {isa = PBXBuildFile; fileRef = CB245E1B2B59972600E10119 /* Event.swift */; };
		CB245E1E2B59975400E10119 /* PrimaryMarket.swift in Sources */ = {isa = PBXBuildFile; fileRef = CB245E1D2B59975400E10119 /* PrimaryMarket.swift */; };
		CB245E202B59976B00E10119 /* Runner.swift in Sources */ = {isa = PBXBuildFile; fileRef = CB245E1F2B59976B00E10119 /* Runner.swift */; };
		CB245E222B59978900E10119 /* Odds.swift in Sources */ = {isa = PBXBuildFile; fileRef = CB245E212B59978900E10119 /* Odds.swift */; };
		CB245E242B5997A100E10119 /* MarketType.swift in Sources */ = {isa = PBXBuildFile; fileRef = CB245E232B5997A100E10119 /* MarketType.swift */; };
		CB245E262B59983E00E10119 /* EventsData.swift in Sources */ = {isa = PBXBuildFile; fileRef = CB245E252B59983E00E10119 /* EventsData.swift */; };
		CB245E282B59CF5400E10119 /* DateFormatter+iso8601.swift in Sources */ = {isa = PBXBuildFile; fileRef = CB245E272B59CF5400E10119 /* DateFormatter+iso8601.swift */; };
		CB245E2A2B59D19500E10119 /* Date+FormattedString.swift in Sources */ = {isa = PBXBuildFile; fileRef = CB245E292B59D19500E10119 /* Date+FormattedString.swift */; };
		CB245E2C2B59ED6C00E10119 /* GetEventsDataRequest.swift in Sources */ = {isa = PBXBuildFile; fileRef = CB245E2B2B59ED6C00E10119 /* GetEventsDataRequest.swift */; };
		CB245E2E2B59EDFB00E10119 /* GetEventsDataRequestTests.swift in Sources */ = {isa = PBXBuildFile; fileRef = CB245E2D2B59EDFB00E10119 /* GetEventsDataRequestTests.swift */; };
		CB245E302B59F31E00E10119 /* NumberFormatter+OrdinalNumber.swift in Sources */ = {isa = PBXBuildFile; fileRef = CB245E2F2B59F31E00E10119 /* NumberFormatter+OrdinalNumber.swift */; };
		CB245E332B59FF5100E10119 /* MainFlowModuleBuilder.swift in Sources */ = {isa = PBXBuildFile; fileRef = CB245E322B59FF5100E10119 /* MainFlowModuleBuilder.swift */; };
		CB245E352B59FF7400E10119 /* MainFlowModulePresenter.swift in Sources */ = {isa = PBXBuildFile; fileRef = CB245E342B59FF7400E10119 /* MainFlowModulePresenter.swift */; };
		CB245E372B59FF8600E10119 /* MainFlowModuleRouter.swift in Sources */ = {isa = PBXBuildFile; fileRef = CB245E362B59FF8600E10119 /* MainFlowModuleRouter.swift */; };
		CB245E3D2B5A0D2500E10119 /* MainFlowModuleBuilderTests.swift in Sources */ = {isa = PBXBuildFile; fileRef = CB245E3C2B5A0D2500E10119 /* MainFlowModuleBuilderTests.swift */; };
		CB245E3F2B5A0F0000E10119 /* MainFlowModulePresenterTests.swift in Sources */ = {isa = PBXBuildFile; fileRef = CB245E3E2B5A0F0000E10119 /* MainFlowModulePresenterTests.swift */; };
		CB245E412B5A106700E10119 /* MainFlowModuleRouterTests.swift in Sources */ = {isa = PBXBuildFile; fileRef = CB245E402B5A106700E10119 /* MainFlowModuleRouterTests.swift */; };
		CB245E462B5A157000E10119 /* StatusScreenBuilder.swift in Sources */ = {isa = PBXBuildFile; fileRef = CB245E452B5A157000E10119 /* StatusScreenBuilder.swift */; };
		CB245E482B5A15D600E10119 /* StatusScreenViewController.swift in Sources */ = {isa = PBXBuildFile; fileRef = CB245E472B5A15D600E10119 /* StatusScreenViewController.swift */; };
		CB245E4A2B5A15FB00E10119 /* StatusScreenPresenter.swift in Sources */ = {isa = PBXBuildFile; fileRef = CB245E492B5A15FB00E10119 /* StatusScreenPresenter.swift */; };
		CB245E4C2B5A160700E10119 /* StatusScreenInteractor.swift in Sources */ = {isa = PBXBuildFile; fileRef = CB245E4B2B5A160700E10119 /* StatusScreenInteractor.swift */; };
		CB245E4E2B5A160E00E10119 /* StatusScreenRouter.swift in Sources */ = {isa = PBXBuildFile; fileRef = CB245E4D2B5A160E00E10119 /* StatusScreenRouter.swift */; };
		CB245E512B5A208C00E10119 /* Activable.swift in Sources */ = {isa = PBXBuildFile; fileRef = CB245E502B5A208C00E10119 /* Activable.swift */; };
		CB245E542B5A707A00E10119 /* StatusScreenBuilderTests.swift in Sources */ = {isa = PBXBuildFile; fileRef = CB245E532B5A707A00E10119 /* StatusScreenBuilderTests.swift */; };
		CB245E562B5A7CD000E10119 /* StatusScreenPresenterTests.swift in Sources */ = {isa = PBXBuildFile; fileRef = CB245E552B5A7CD000E10119 /* StatusScreenPresenterTests.swift */; };
		CB245E582B5A805600E10119 /* StatusScreenInteractorTests.swift in Sources */ = {isa = PBXBuildFile; fileRef = CB245E572B5A805600E10119 /* StatusScreenInteractorTests.swift */; };
		CB245E5A2B5A854800E10119 /* StatusScreenRouterTests.swift in Sources */ = {isa = PBXBuildFile; fileRef = CB245E592B5A854800E10119 /* StatusScreenRouterTests.swift */; };
		CB245E5D2B5A93D900E10119 /* SnapshotTesting in Frameworks */ = {isa = PBXBuildFile; productRef = CB245E5C2B5A93D900E10119 /* SnapshotTesting */; };
		CB245E5F2B5A93F700E10119 /* StatusScreenViewControllerSnapshotTests.swift in Sources */ = {isa = PBXBuildFile; fileRef = CB245E5E2B5A93F700E10119 /* StatusScreenViewControllerSnapshotTests.swift */; };
		CB245E612B5AAA5D00E10119 /* BaseSportView.swift in Sources */ = {isa = PBXBuildFile; fileRef = CB245E602B5AAA5D00E10119 /* BaseSportView.swift */; };
		CB245E642B5AB13F00E10119 /* BaseSportViewSnapshotTests.swift in Sources */ = {isa = PBXBuildFile; fileRef = CB245E632B5AB13F00E10119 /* BaseSportViewSnapshotTests.swift */; };
		CB245E662B5AB38F00E10119 /* SnapshotSupportContainer.swift in Sources */ = {isa = PBXBuildFile; fileRef = CB245E652B5AB38F00E10119 /* SnapshotSupportContainer.swift */; };
		CB245E682B5ABA0100E10119 /* GenericTableViewCell.swift in Sources */ = {isa = PBXBuildFile; fileRef = CB245E672B5ABA0100E10119 /* GenericTableViewCell.swift */; };
		CB245E6C2B5ACFAF00E10119 /* UITableVIew+registerCell.swift in Sources */ = {isa = PBXBuildFile; fileRef = CB245E6B2B5ACFAF00E10119 /* UITableVIew+registerCell.swift */; };
		CB245E6E2B5AD06C00E10119 /* UITableView+dequeuCell.swift in Sources */ = {isa = PBXBuildFile; fileRef = CB245E6D2B5AD06C00E10119 /* UITableView+dequeuCell.swift */; };
		CB245E712B5C16A600E10119 /* SportsListBuilder.swift in Sources */ = {isa = PBXBuildFile; fileRef = CB245E702B5C16A600E10119 /* SportsListBuilder.swift */; };
		CB245E742B5C16B800E10119 /* SportsListViewController.swift in Sources */ = {isa = PBXBuildFile; fileRef = CB245E732B5C16B800E10119 /* SportsListViewController.swift */; };
		CB245E762B5C16D800E10119 /* SportsListPresenter.swift in Sources */ = {isa = PBXBuildFile; fileRef = CB245E752B5C16D800E10119 /* SportsListPresenter.swift */; };
		CB245E782B5C16E200E10119 /* SportsListInteractor.swift in Sources */ = {isa = PBXBuildFile; fileRef = CB245E772B5C16E200E10119 /* SportsListInteractor.swift */; };
		CB245E7A2B5C1D4200E10119 /* SportsListRouter.swift in Sources */ = {isa = PBXBuildFile; fileRef = CB245E792B5C1D4200E10119 /* SportsListRouter.swift */; };
		CB245E7C2B5C214F00E10119 /* AlertPresentable.swift in Sources */ = {isa = PBXBuildFile; fileRef = CB245E7B2B5C214F00E10119 /* AlertPresentable.swift */; };
		CB245E802B5C5B1300E10119 /* String+Localized.swift in Sources */ = {isa = PBXBuildFile; fileRef = CB245E7F2B5C5B1300E10119 /* String+Localized.swift */; };
		CB245E852B5C5D0700E10119 /* Localizable.strings in Resources */ = {isa = PBXBuildFile; fileRef = CB245E872B5C5D0700E10119 /* Localizable.strings */; };
		CB245E892B5C6D5300E10119 /* UITableView+CommonTableView.swift in Sources */ = {isa = PBXBuildFile; fileRef = CB245E882B5C6D5300E10119 /* UITableView+CommonTableView.swift */; };
		CB245E8D2B5C950900E10119 /* TapAnimatedView.swift in Sources */ = {isa = PBXBuildFile; fileRef = CB245E8C2B5C950900E10119 /* TapAnimatedView.swift */; };
		CB350FD72B5CA47900D3D82D /* Theme.swift in Sources */ = {isa = PBXBuildFile; fileRef = CB350FD62B5CA47900D3D82D /* Theme.swift */; };
		CB350FDC2B5D63D000D3D82D /* SportsListBuilderTests.swift in Sources */ = {isa = PBXBuildFile; fileRef = CB350FDB2B5D63D000D3D82D /* SportsListBuilderTests.swift */; };
		CB350FDE2B5D63FC00D3D82D /* SportsListViewControllerSnapshotTests.swift in Sources */ = {isa = PBXBuildFile; fileRef = CB350FDD2B5D63FC00D3D82D /* SportsListViewControllerSnapshotTests.swift */; };
		CB350FE02B5D641100D3D82D /* SportsListPresenterTests.swift in Sources */ = {isa = PBXBuildFile; fileRef = CB350FDF2B5D641100D3D82D /* SportsListPresenterTests.swift */; };
		CB350FE22B5D642000D3D82D /* SportsListInteractorTests.swift in Sources */ = {isa = PBXBuildFile; fileRef = CB350FE12B5D642000D3D82D /* SportsListInteractorTests.swift */; };
		CB350FE42B5D642A00D3D82D /* SportsListRouterTests.swift in Sources */ = {isa = PBXBuildFile; fileRef = CB350FE32B5D642A00D3D82D /* SportsListRouterTests.swift */; };
		CBF1E7A22B585E84002D5FCD /* NetworkClient.swift in Sources */ = {isa = PBXBuildFile; fileRef = CBF1E7A12B585E84002D5FCD /* NetworkClient.swift */; };
		CBF1E7A42B586080002D5FCD /* NetworkClientTests.swift in Sources */ = {isa = PBXBuildFile; fileRef = CBF1E7A32B586080002D5FCD /* NetworkClientTests.swift */; };
		CBF1E7A92B586310002D5FCD /* NetworkClientTestsMocks.swift in Sources */ = {isa = PBXBuildFile; fileRef = CBF1E7A82B586310002D5FCD /* NetworkClientTestsMocks.swift */; };
		CBFF936B2B57FE62003840F2 /* AppDelegate.swift in Sources */ = {isa = PBXBuildFile; fileRef = CBFF936A2B57FE62003840F2 /* AppDelegate.swift */; };
		CBFF936D2B57FE62003840F2 /* SceneDelegate.swift in Sources */ = {isa = PBXBuildFile; fileRef = CBFF936C2B57FE62003840F2 /* SceneDelegate.swift */; };
		CBFF93742B57FE64003840F2 /* Assets.xcassets in Resources */ = {isa = PBXBuildFile; fileRef = CBFF93732B57FE64003840F2 /* Assets.xcassets */; };
		CBFF93772B57FE64003840F2 /* LaunchScreen.storyboard in Resources */ = {isa = PBXBuildFile; fileRef = CBFF93752B57FE64003840F2 /* LaunchScreen.storyboard */; };
/* End PBXBuildFile section */

/* Begin PBXContainerItemProxy section */
		CBFF937E2B57FE64003840F2 /* PBXContainerItemProxy */ = {
			isa = PBXContainerItemProxy;
			containerPortal = CBFF935F2B57FE61003840F2 /* Project object */;
			proxyType = 1;
			remoteGlobalIDString = CBFF93662B57FE62003840F2;
			remoteInfo = "SportsBook-HomeWork";
		};
/* End PBXContainerItemProxy section */

/* Begin PBXFileReference section */
		CB245DF22B58877B00E10119 /* SportsBook-HomeWorkTests.xctestplan */ = {isa = PBXFileReference; lastKnownFileType = text; path = "SportsBook-HomeWorkTests.xctestplan"; sourceTree = "<group>"; };
		CB245DF32B58994200E10119 /* HTTPMethods.swift */ = {isa = PBXFileReference; lastKnownFileType = sourcecode.swift; path = HTTPMethods.swift; sourceTree = "<group>"; };
		CB245DF52B5899BC00E10119 /* NetworkErrors.swift */ = {isa = PBXFileReference; lastKnownFileType = sourcecode.swift; path = NetworkErrors.swift; sourceTree = "<group>"; };
		CB245DF72B5899DD00E10119 /* NetworkRequestProtocol.swift */ = {isa = PBXFileReference; lastKnownFileType = sourcecode.swift; path = NetworkRequestProtocol.swift; sourceTree = "<group>"; };
		CB245DF92B5899FE00E10119 /* NetworkClientProtocol.swift */ = {isa = PBXFileReference; lastKnownFileType = sourcecode.swift; path = NetworkClientProtocol.swift; sourceTree = "<group>"; };
		CB245DFB2B589A7300E10119 /* URL+Validation.swift */ = {isa = PBXFileReference; lastKnownFileType = sourcecode.swift; path = "URL+Validation.swift"; sourceTree = "<group>"; };
		CB245E042B59587E00E10119 /* NetworkRequestProtocolExtensionTests.swift */ = {isa = PBXFileReference; lastKnownFileType = sourcecode.swift; path = NetworkRequestProtocolExtensionTests.swift; sourceTree = "<group>"; };
		CB245E072B596D1800E10119 /* GetStatusRequest.swift */ = {isa = PBXFileReference; lastKnownFileType = sourcecode.swift; path = GetStatusRequest.swift; sourceTree = "<group>"; };
		CB245E092B596DFE00E10119 /* NetworkService.swift */ = {isa = PBXFileReference; lastKnownFileType = sourcecode.swift; path = NetworkService.swift; sourceTree = "<group>"; };
		CB245E0C2B596E4700E10119 /* APIStatus.swift */ = {isa = PBXFileReference; lastKnownFileType = sourcecode.swift; path = APIStatus.swift; sourceTree = "<group>"; };
		CB245E0F2B59721900E10119 /* GetStatusRequestTests.swift */ = {isa = PBXFileReference; lastKnownFileType = sourcecode.swift; path = GetStatusRequestTests.swift; sourceTree = "<group>"; };
		CB245E112B59732C00E10119 /* NetworkServiceTests.swift */ = {isa = PBXFileReference; lastKnownFileType = sourcecode.swift; path = NetworkServiceTests.swift; sourceTree = "<group>"; };
		CB245E132B59829E00E10119 /* SportsData.swift */ = {isa = PBXFileReference; lastKnownFileType = sourcecode.swift; path = SportsData.swift; sourceTree = "<group>"; };
		CB245E152B59838F00E10119 /* GetSportsDataRequest.swift */ = {isa = PBXFileReference; lastKnownFileType = sourcecode.swift; path = GetSportsDataRequest.swift; sourceTree = "<group>"; };
		CB245E172B5983E800E10119 /* GetSportsDataRequestTests.swift */ = {isa = PBXFileReference; lastKnownFileType = sourcecode.swift; path = GetSportsDataRequestTests.swift; sourceTree = "<group>"; };
		CB245E1B2B59972600E10119 /* Event.swift */ = {isa = PBXFileReference; lastKnownFileType = sourcecode.swift; path = Event.swift; sourceTree = "<group>"; };
		CB245E1D2B59975400E10119 /* PrimaryMarket.swift */ = {isa = PBXFileReference; lastKnownFileType = sourcecode.swift; path = PrimaryMarket.swift; sourceTree = "<group>"; };
		CB245E1F2B59976B00E10119 /* Runner.swift */ = {isa = PBXFileReference; lastKnownFileType = sourcecode.swift; path = Runner.swift; sourceTree = "<group>"; };
		CB245E212B59978900E10119 /* Odds.swift */ = {isa = PBXFileReference; lastKnownFileType = sourcecode.swift; path = Odds.swift; sourceTree = "<group>"; };
		CB245E232B5997A100E10119 /* MarketType.swift */ = {isa = PBXFileReference; lastKnownFileType = sourcecode.swift; path = MarketType.swift; sourceTree = "<group>"; };
		CB245E252B59983E00E10119 /* EventsData.swift */ = {isa = PBXFileReference; lastKnownFileType = sourcecode.swift; path = EventsData.swift; sourceTree = "<group>"; };
		CB245E272B59CF5400E10119 /* DateFormatter+iso8601.swift */ = {isa = PBXFileReference; lastKnownFileType = sourcecode.swift; path = "DateFormatter+iso8601.swift"; sourceTree = "<group>"; };
		CB245E292B59D19500E10119 /* Date+FormattedString.swift */ = {isa = PBXFileReference; lastKnownFileType = sourcecode.swift; path = "Date+FormattedString.swift"; sourceTree = "<group>"; };
		CB245E2B2B59ED6C00E10119 /* GetEventsDataRequest.swift */ = {isa = PBXFileReference; lastKnownFileType = sourcecode.swift; path = GetEventsDataRequest.swift; sourceTree = "<group>"; };
		CB245E2D2B59EDFB00E10119 /* GetEventsDataRequestTests.swift */ = {isa = PBXFileReference; lastKnownFileType = sourcecode.swift; path = GetEventsDataRequestTests.swift; sourceTree = "<group>"; };
		CB245E2F2B59F31E00E10119 /* NumberFormatter+OrdinalNumber.swift */ = {isa = PBXFileReference; lastKnownFileType = sourcecode.swift; path = "NumberFormatter+OrdinalNumber.swift"; sourceTree = "<group>"; };
		CB245E322B59FF5100E10119 /* MainFlowModuleBuilder.swift */ = {isa = PBXFileReference; lastKnownFileType = sourcecode.swift; path = MainFlowModuleBuilder.swift; sourceTree = "<group>"; };
		CB245E342B59FF7400E10119 /* MainFlowModulePresenter.swift */ = {isa = PBXFileReference; lastKnownFileType = sourcecode.swift; path = MainFlowModulePresenter.swift; sourceTree = "<group>"; };
		CB245E362B59FF8600E10119 /* MainFlowModuleRouter.swift */ = {isa = PBXFileReference; lastKnownFileType = sourcecode.swift; path = MainFlowModuleRouter.swift; sourceTree = "<group>"; };
		CB245E3C2B5A0D2500E10119 /* MainFlowModuleBuilderTests.swift */ = {isa = PBXFileReference; lastKnownFileType = sourcecode.swift; path = MainFlowModuleBuilderTests.swift; sourceTree = "<group>"; };
		CB245E3E2B5A0F0000E10119 /* MainFlowModulePresenterTests.swift */ = {isa = PBXFileReference; lastKnownFileType = sourcecode.swift; path = MainFlowModulePresenterTests.swift; sourceTree = "<group>"; };
		CB245E402B5A106700E10119 /* MainFlowModuleRouterTests.swift */ = {isa = PBXFileReference; lastKnownFileType = sourcecode.swift; path = MainFlowModuleRouterTests.swift; sourceTree = "<group>"; };
		CB245E452B5A157000E10119 /* StatusScreenBuilder.swift */ = {isa = PBXFileReference; lastKnownFileType = sourcecode.swift; path = StatusScreenBuilder.swift; sourceTree = "<group>"; };
		CB245E472B5A15D600E10119 /* StatusScreenViewController.swift */ = {isa = PBXFileReference; lastKnownFileType = sourcecode.swift; path = StatusScreenViewController.swift; sourceTree = "<group>"; };
		CB245E492B5A15FB00E10119 /* StatusScreenPresenter.swift */ = {isa = PBXFileReference; lastKnownFileType = sourcecode.swift; path = StatusScreenPresenter.swift; sourceTree = "<group>"; };
		CB245E4B2B5A160700E10119 /* StatusScreenInteractor.swift */ = {isa = PBXFileReference; lastKnownFileType = sourcecode.swift; path = StatusScreenInteractor.swift; sourceTree = "<group>"; };
		CB245E4D2B5A160E00E10119 /* StatusScreenRouter.swift */ = {isa = PBXFileReference; lastKnownFileType = sourcecode.swift; path = StatusScreenRouter.swift; sourceTree = "<group>"; };
		CB245E502B5A208C00E10119 /* Activable.swift */ = {isa = PBXFileReference; lastKnownFileType = sourcecode.swift; path = Activable.swift; sourceTree = "<group>"; };
		CB245E532B5A707A00E10119 /* StatusScreenBuilderTests.swift */ = {isa = PBXFileReference; lastKnownFileType = sourcecode.swift; path = StatusScreenBuilderTests.swift; sourceTree = "<group>"; };
		CB245E552B5A7CD000E10119 /* StatusScreenPresenterTests.swift */ = {isa = PBXFileReference; lastKnownFileType = sourcecode.swift; path = StatusScreenPresenterTests.swift; sourceTree = "<group>"; };
		CB245E572B5A805600E10119 /* StatusScreenInteractorTests.swift */ = {isa = PBXFileReference; lastKnownFileType = sourcecode.swift; path = StatusScreenInteractorTests.swift; sourceTree = "<group>"; };
		CB245E592B5A854800E10119 /* StatusScreenRouterTests.swift */ = {isa = PBXFileReference; lastKnownFileType = sourcecode.swift; path = StatusScreenRouterTests.swift; sourceTree = "<group>"; };
		CB245E5E2B5A93F700E10119 /* StatusScreenViewControllerSnapshotTests.swift */ = {isa = PBXFileReference; lastKnownFileType = sourcecode.swift; path = StatusScreenViewControllerSnapshotTests.swift; sourceTree = "<group>"; };
		CB245E602B5AAA5D00E10119 /* BaseSportView.swift */ = {isa = PBXFileReference; lastKnownFileType = sourcecode.swift; path = BaseSportView.swift; sourceTree = "<group>"; };
		CB245E632B5AB13F00E10119 /* BaseSportViewSnapshotTests.swift */ = {isa = PBXFileReference; lastKnownFileType = sourcecode.swift; path = BaseSportViewSnapshotTests.swift; sourceTree = "<group>"; };
		CB245E652B5AB38F00E10119 /* SnapshotSupportContainer.swift */ = {isa = PBXFileReference; lastKnownFileType = sourcecode.swift; path = SnapshotSupportContainer.swift; sourceTree = "<group>"; };
		CB245E672B5ABA0100E10119 /* GenericTableViewCell.swift */ = {isa = PBXFileReference; lastKnownFileType = sourcecode.swift; path = GenericTableViewCell.swift; sourceTree = "<group>"; };
		CB245E6B2B5ACFAF00E10119 /* UITableVIew+registerCell.swift */ = {isa = PBXFileReference; lastKnownFileType = sourcecode.swift; path = "UITableVIew+registerCell.swift"; sourceTree = "<group>"; };
		CB245E6D2B5AD06C00E10119 /* UITableView+dequeuCell.swift */ = {isa = PBXFileReference; lastKnownFileType = sourcecode.swift; path = "UITableView+dequeuCell.swift"; sourceTree = "<group>"; };
		CB245E702B5C16A600E10119 /* SportsListBuilder.swift */ = {isa = PBXFileReference; lastKnownFileType = sourcecode.swift; path = SportsListBuilder.swift; sourceTree = "<group>"; };
		CB245E732B5C16B800E10119 /* SportsListViewController.swift */ = {isa = PBXFileReference; lastKnownFileType = sourcecode.swift; path = SportsListViewController.swift; sourceTree = "<group>"; };
		CB245E752B5C16D800E10119 /* SportsListPresenter.swift */ = {isa = PBXFileReference; lastKnownFileType = sourcecode.swift; path = SportsListPresenter.swift; sourceTree = "<group>"; };
		CB245E772B5C16E200E10119 /* SportsListInteractor.swift */ = {isa = PBXFileReference; lastKnownFileType = sourcecode.swift; path = SportsListInteractor.swift; sourceTree = "<group>"; };
		CB245E792B5C1D4200E10119 /* SportsListRouter.swift */ = {isa = PBXFileReference; lastKnownFileType = sourcecode.swift; path = SportsListRouter.swift; sourceTree = "<group>"; };
		CB245E7B2B5C214F00E10119 /* AlertPresentable.swift */ = {isa = PBXFileReference; lastKnownFileType = sourcecode.swift; path = AlertPresentable.swift; sourceTree = "<group>"; };
		CB245E7F2B5C5B1300E10119 /* String+Localized.swift */ = {isa = PBXFileReference; lastKnownFileType = sourcecode.swift; path = "String+Localized.swift"; sourceTree = "<group>"; };
		CB245E862B5C5D0700E10119 /* en */ = {isa = PBXFileReference; lastKnownFileType = text.plist.strings; name = en; path = en.lproj/Localizable.strings; sourceTree = "<group>"; };
		CB245E882B5C6D5300E10119 /* UITableView+CommonTableView.swift */ = {isa = PBXFileReference; lastKnownFileType = sourcecode.swift; path = "UITableView+CommonTableView.swift"; sourceTree = "<group>"; };
		CB245E8C2B5C950900E10119 /* TapAnimatedView.swift */ = {isa = PBXFileReference; lastKnownFileType = sourcecode.swift; path = TapAnimatedView.swift; sourceTree = "<group>"; };
		CB350FD62B5CA47900D3D82D /* Theme.swift */ = {isa = PBXFileReference; lastKnownFileType = sourcecode.swift; path = Theme.swift; sourceTree = "<group>"; };
		CB350FDB2B5D63D000D3D82D /* SportsListBuilderTests.swift */ = {isa = PBXFileReference; lastKnownFileType = sourcecode.swift; path = SportsListBuilderTests.swift; sourceTree = "<group>"; };
		CB350FDD2B5D63FC00D3D82D /* SportsListViewControllerSnapshotTests.swift */ = {isa = PBXFileReference; lastKnownFileType = sourcecode.swift; path = SportsListViewControllerSnapshotTests.swift; sourceTree = "<group>"; };
		CB350FDF2B5D641100D3D82D /* SportsListPresenterTests.swift */ = {isa = PBXFileReference; lastKnownFileType = sourcecode.swift; path = SportsListPresenterTests.swift; sourceTree = "<group>"; };
		CB350FE12B5D642000D3D82D /* SportsListInteractorTests.swift */ = {isa = PBXFileReference; lastKnownFileType = sourcecode.swift; path = SportsListInteractorTests.swift; sourceTree = "<group>"; };
		CB350FE32B5D642A00D3D82D /* SportsListRouterTests.swift */ = {isa = PBXFileReference; lastKnownFileType = sourcecode.swift; path = SportsListRouterTests.swift; sourceTree = "<group>"; };
		CBF1E7A12B585E84002D5FCD /* NetworkClient.swift */ = {isa = PBXFileReference; lastKnownFileType = sourcecode.swift; path = NetworkClient.swift; sourceTree = "<group>"; };
		CBF1E7A32B586080002D5FCD /* NetworkClientTests.swift */ = {isa = PBXFileReference; lastKnownFileType = sourcecode.swift; path = NetworkClientTests.swift; sourceTree = "<group>"; };
		CBF1E7A82B586310002D5FCD /* NetworkClientTestsMocks.swift */ = {isa = PBXFileReference; lastKnownFileType = sourcecode.swift; path = NetworkClientTestsMocks.swift; sourceTree = "<group>"; };
		CBFF93672B57FE62003840F2 /* SportsBook-HomeWork.app */ = {isa = PBXFileReference; explicitFileType = wrapper.application; includeInIndex = 0; path = "SportsBook-HomeWork.app"; sourceTree = BUILT_PRODUCTS_DIR; };
		CBFF936A2B57FE62003840F2 /* AppDelegate.swift */ = {isa = PBXFileReference; lastKnownFileType = sourcecode.swift; path = AppDelegate.swift; sourceTree = "<group>"; };
		CBFF936C2B57FE62003840F2 /* SceneDelegate.swift */ = {isa = PBXFileReference; lastKnownFileType = sourcecode.swift; path = SceneDelegate.swift; sourceTree = "<group>"; };
		CBFF93732B57FE64003840F2 /* Assets.xcassets */ = {isa = PBXFileReference; lastKnownFileType = folder.assetcatalog; path = Assets.xcassets; sourceTree = "<group>"; };
		CBFF93762B57FE64003840F2 /* Base */ = {isa = PBXFileReference; lastKnownFileType = file.storyboard; name = Base; path = Base.lproj/LaunchScreen.storyboard; sourceTree = "<group>"; };
		CBFF93782B57FE64003840F2 /* Info.plist */ = {isa = PBXFileReference; lastKnownFileType = text.plist.xml; path = Info.plist; sourceTree = "<group>"; };
		CBFF937D2B57FE64003840F2 /* SportsBook-HomeWorkTests.xctest */ = {isa = PBXFileReference; explicitFileType = wrapper.cfbundle; includeInIndex = 0; path = "SportsBook-HomeWorkTests.xctest"; sourceTree = BUILT_PRODUCTS_DIR; };
/* End PBXFileReference section */

/* Begin PBXFrameworksBuildPhase section */
		CBFF93642B57FE62003840F2 /* Frameworks */ = {
			isa = PBXFrameworksBuildPhase;
			buildActionMask = 2147483647;
			files = (
			);
			runOnlyForDeploymentPostprocessing = 0;
		};
		CBFF937A2B57FE64003840F2 /* Frameworks */ = {
			isa = PBXFrameworksBuildPhase;
			buildActionMask = 2147483647;
			files = (
				CB245E5D2B5A93D900E10119 /* SnapshotTesting in Frameworks */,
			);
			runOnlyForDeploymentPostprocessing = 0;
		};
/* End PBXFrameworksBuildPhase section */

/* Begin PBXGroup section */
		CB0D360A2B581EF000D76D40 /* Base */ = {
			isa = PBXGroup;
			children = (
				CBFF93732B57FE64003840F2 /* Assets.xcassets */,
				CBFF93752B57FE64003840F2 /* LaunchScreen.storyboard */,
				CBFF93782B57FE64003840F2 /* Info.plist */,
				CB350FD62B5CA47900D3D82D /* Theme.swift */,
			);
			path = Base;
			sourceTree = "<group>";
		};
		CB0D360B2B581F0E00D76D40 /* App */ = {
			isa = PBXGroup;
			children = (
				CB0D360A2B581EF000D76D40 /* Base */,
				CBFF936A2B57FE62003840F2 /* AppDelegate.swift */,
				CBFF936C2B57FE62003840F2 /* SceneDelegate.swift */,
			);
			path = App;
			sourceTree = "<group>";
		};
		CB0D360C2B581F2100D76D40 /* Modules */ = {
			isa = PBXGroup;
			children = (
				CB245E6F2B5C168100E10119 /* SportsList */,
				CB245E432B5A153500E10119 /* StatusScreen */,
				CB245E312B59FF3100E10119 /* MainFlowModule */,
			);
			path = Modules;
			sourceTree = "<group>";
		};
		CB0D360E2B581F3600D76D40 /* UIComponents */ = {
			isa = PBXGroup;
			children = (
				CB245E602B5AAA5D00E10119 /* BaseSportView.swift */,
			);
			path = UIComponents;
			sourceTree = "<group>";
		};
		CB0D36102B581F5400D76D40 /* Networking */ = {
			isa = PBXGroup;
			children = (
				CB245DFD2B589B0100E10119 /* BaseNetworkingLayer */,
				CB245E062B596D0500E10119 /* Requests */,
				CB245E092B596DFE00E10119 /* NetworkService.swift */,
			);
			path = Networking;
			sourceTree = "<group>";
		};
		CB0D36122B581F9900D76D40 /* Extensions */ = {
			isa = PBXGroup;
			children = (
				CB245DFB2B589A7300E10119 /* URL+Validation.swift */,
				CB245E272B59CF5400E10119 /* DateFormatter+iso8601.swift */,
				CB245E292B59D19500E10119 /* Date+FormattedString.swift */,
				CB245E2F2B59F31E00E10119 /* NumberFormatter+OrdinalNumber.swift */,
				CB245E6B2B5ACFAF00E10119 /* UITableVIew+registerCell.swift */,
				CB245E6D2B5AD06C00E10119 /* UITableView+dequeuCell.swift */,
				CB245E882B5C6D5300E10119 /* UITableView+CommonTableView.swift */,
				CB245E7F2B5C5B1300E10119 /* String+Localized.swift */,
			);
			path = Extensions;
			sourceTree = "<group>";
		};
		CB245DFD2B589B0100E10119 /* BaseNetworkingLayer */ = {
			isa = PBXGroup;
			children = (
				CBF1E7A12B585E84002D5FCD /* NetworkClient.swift */,
				CB245DF92B5899FE00E10119 /* NetworkClientProtocol.swift */,
				CB245DF32B58994200E10119 /* HTTPMethods.swift */,
				CB245DF52B5899BC00E10119 /* NetworkErrors.swift */,
				CB245DF72B5899DD00E10119 /* NetworkRequestProtocol.swift */,
			);
			path = BaseNetworkingLayer;
			sourceTree = "<group>";
		};
		CB245E032B58B3E500E10119 /* BaseNetworkingLayerTests */ = {
			isa = PBXGroup;
			children = (
				CBF1E7A32B586080002D5FCD /* NetworkClientTests.swift */,
				CBF1E7A82B586310002D5FCD /* NetworkClientTestsMocks.swift */,
				CB245E042B59587E00E10119 /* NetworkRequestProtocolExtensionTests.swift */,
			);
			path = BaseNetworkingLayerTests;
			sourceTree = "<group>";
		};
		CB245E062B596D0500E10119 /* Requests */ = {
			isa = PBXGroup;
			children = (
				CB245E072B596D1800E10119 /* GetStatusRequest.swift */,
				CB245E152B59838F00E10119 /* GetSportsDataRequest.swift */,
				CB245E2B2B59ED6C00E10119 /* GetEventsDataRequest.swift */,
			);
			path = Requests;
			sourceTree = "<group>";
		};
		CB245E0B2B596E2A00E10119 /* Models */ = {
			isa = PBXGroup;
			children = (
				CB245E0C2B596E4700E10119 /* APIStatus.swift */,
				CB245E132B59829E00E10119 /* SportsData.swift */,
				CB245E252B59983E00E10119 /* EventsData.swift */,
				CB245E1B2B59972600E10119 /* Event.swift */,
				CB245E1D2B59975400E10119 /* PrimaryMarket.swift */,
				CB245E1F2B59976B00E10119 /* Runner.swift */,
				CB245E212B59978900E10119 /* Odds.swift */,
				CB245E232B5997A100E10119 /* MarketType.swift */,
			);
			path = Models;
			sourceTree = "<group>";
		};
		CB245E0E2B59720300E10119 /* RequestsTests */ = {
			isa = PBXGroup;
			children = (
				CB245E0F2B59721900E10119 /* GetStatusRequestTests.swift */,
				CB245E172B5983E800E10119 /* GetSportsDataRequestTests.swift */,
				CB245E2D2B59EDFB00E10119 /* GetEventsDataRequestTests.swift */,
			);
			path = RequestsTests;
			sourceTree = "<group>";
		};
		CB245E312B59FF3100E10119 /* MainFlowModule */ = {
			isa = PBXGroup;
			children = (
				CB245E322B59FF5100E10119 /* MainFlowModuleBuilder.swift */,
				CB245E342B59FF7400E10119 /* MainFlowModulePresenter.swift */,
				CB245E362B59FF8600E10119 /* MainFlowModuleRouter.swift */,
			);
			path = MainFlowModule;
			sourceTree = "<group>";
		};
		CB245E3A2B5A0CD100E10119 /* ModulesTests */ = {
			isa = PBXGroup;
			children = (
				CB350FD82B5D63A300D3D82D /* SportsListTests */,
				CB245E522B5A704F00E10119 /* StatusScreenTests */,
				CB245E3B2B5A0CE100E10119 /* MainFlowModuleTests */,
			);
			path = ModulesTests;
			sourceTree = "<group>";
		};
		CB245E3B2B5A0CE100E10119 /* MainFlowModuleTests */ = {
			isa = PBXGroup;
			children = (
				CB245E3C2B5A0D2500E10119 /* MainFlowModuleBuilderTests.swift */,
				CB245E3E2B5A0F0000E10119 /* MainFlowModulePresenterTests.swift */,
				CB245E402B5A106700E10119 /* MainFlowModuleRouterTests.swift */,
			);
			path = MainFlowModuleTests;
			sourceTree = "<group>";
		};
		CB245E432B5A153500E10119 /* StatusScreen */ = {
			isa = PBXGroup;
			children = (
				CB245E452B5A157000E10119 /* StatusScreenBuilder.swift */,
				CB245E472B5A15D600E10119 /* StatusScreenViewController.swift */,
				CB245E492B5A15FB00E10119 /* StatusScreenPresenter.swift */,
				CB245E4B2B5A160700E10119 /* StatusScreenInteractor.swift */,
				CB245E4D2B5A160E00E10119 /* StatusScreenRouter.swift */,
			);
			path = StatusScreen;
			sourceTree = "<group>";
		};
		CB245E4F2B5A205000E10119 /* Utilities */ = {
			isa = PBXGroup;
			children = (
				CB245E502B5A208C00E10119 /* Activable.swift */,
				CB245E7B2B5C214F00E10119 /* AlertPresentable.swift */,
				CB245E652B5AB38F00E10119 /* SnapshotSupportContainer.swift */,
				CB245E672B5ABA0100E10119 /* GenericTableViewCell.swift */,
				CB245E8C2B5C950900E10119 /* TapAnimatedView.swift */,
			);
			path = Utilities;
			sourceTree = "<group>";
		};
		CB245E522B5A704F00E10119 /* StatusScreenTests */ = {
			isa = PBXGroup;
			children = (
				CB245E532B5A707A00E10119 /* StatusScreenBuilderTests.swift */,
				CB245E552B5A7CD000E10119 /* StatusScreenPresenterTests.swift */,
				CB245E572B5A805600E10119 /* StatusScreenInteractorTests.swift */,
				CB245E592B5A854800E10119 /* StatusScreenRouterTests.swift */,
				CB245E5E2B5A93F700E10119 /* StatusScreenViewControllerSnapshotTests.swift */,
			);
			path = StatusScreenTests;
			sourceTree = "<group>";
		};
		CB245E622B5AB12B00E10119 /* UIComponentsSnapshotTests */ = {
			isa = PBXGroup;
			children = (
				CB245E632B5AB13F00E10119 /* BaseSportViewSnapshotTests.swift */,
			);
			path = UIComponentsSnapshotTests;
			sourceTree = "<group>";
		};
		CB245E6F2B5C168100E10119 /* SportsList */ = {
			isa = PBXGroup;
			children = (
				CB245E702B5C16A600E10119 /* SportsListBuilder.swift */,
				CB245E732B5C16B800E10119 /* SportsListViewController.swift */,
				CB245E752B5C16D800E10119 /* SportsListPresenter.swift */,
				CB245E792B5C1D4200E10119 /* SportsListRouter.swift */,
				CB245E772B5C16E200E10119 /* SportsListInteractor.swift */,
			);
			path = SportsList;
			sourceTree = "<group>";
		};
		CB350FD82B5D63A300D3D82D /* SportsListTests */ = {
			isa = PBXGroup;
			children = (
				CB350FDB2B5D63D000D3D82D /* SportsListBuilderTests.swift */,
				CB350FDD2B5D63FC00D3D82D /* SportsListViewControllerSnapshotTests.swift */,
				CB350FDF2B5D641100D3D82D /* SportsListPresenterTests.swift */,
				CB350FE12B5D642000D3D82D /* SportsListInteractorTests.swift */,
				CB350FE32B5D642A00D3D82D /* SportsListRouterTests.swift */,
			);
			path = SportsListTests;
			sourceTree = "<group>";
		};
		CBF1E7A52B58629A002D5FCD /* NetworkingTests */ = {
			isa = PBXGroup;
			children = (
				CB245E032B58B3E500E10119 /* BaseNetworkingLayerTests */,
				CB245E0E2B59720300E10119 /* RequestsTests */,
				CB245E112B59732C00E10119 /* NetworkServiceTests.swift */,
			);
			path = NetworkingTests;
			sourceTree = "<group>";
		};
		CBFF935E2B57FE61003840F2 = {
			isa = PBXGroup;
			children = (
				CB245E872B5C5D0700E10119 /* Localizable.strings */,
				CB245DF22B58877B00E10119 /* SportsBook-HomeWorkTests.xctestplan */,
				CBFF93692B57FE62003840F2 /* SportsBook-HomeWork */,
				CBFF93802B57FE64003840F2 /* SportsBook-HomeWorkTests */,
				CBFF93682B57FE62003840F2 /* Products */,
			);
			sourceTree = "<group>";
		};
		CBFF93682B57FE62003840F2 /* Products */ = {
			isa = PBXGroup;
			children = (
				CBFF93672B57FE62003840F2 /* SportsBook-HomeWork.app */,
				CBFF937D2B57FE64003840F2 /* SportsBook-HomeWorkTests.xctest */,
			);
			name = Products;
			sourceTree = "<group>";
		};
		CBFF93692B57FE62003840F2 /* SportsBook-HomeWork */ = {
			isa = PBXGroup;
			children = (
				CB0D360B2B581F0E00D76D40 /* App */,
				CB0D360C2B581F2100D76D40 /* Modules */,
				CB245E0B2B596E2A00E10119 /* Models */,
				CB0D360E2B581F3600D76D40 /* UIComponents */,
				CB0D36102B581F5400D76D40 /* Networking */,
				CB245E4F2B5A205000E10119 /* Utilities */,
				CB0D36122B581F9900D76D40 /* Extensions */,
			);
			path = "SportsBook-HomeWork";
			sourceTree = "<group>";
		};
		CBFF93802B57FE64003840F2 /* SportsBook-HomeWorkTests */ = {
			isa = PBXGroup;
			children = (
				CB245E622B5AB12B00E10119 /* UIComponentsSnapshotTests */,
				CB245E3A2B5A0CD100E10119 /* ModulesTests */,
				CBF1E7A52B58629A002D5FCD /* NetworkingTests */,
			);
			path = "SportsBook-HomeWorkTests";
			sourceTree = "<group>";
		};
/* End PBXGroup section */

/* Begin PBXNativeTarget section */
		CBFF93662B57FE62003840F2 /* SportsBook-HomeWork */ = {
			isa = PBXNativeTarget;
			buildConfigurationList = CBFF93912B57FE64003840F2 /* Build configuration list for PBXNativeTarget "SportsBook-HomeWork" */;
			buildPhases = (
				CBFF93632B57FE62003840F2 /* Sources */,
				CBFF93642B57FE62003840F2 /* Frameworks */,
				CBFF93652B57FE62003840F2 /* Resources */,
			);
			buildRules = (
			);
			dependencies = (
			);
			name = "SportsBook-HomeWork";
			productName = "SportsBook-HomeWork";
			productReference = CBFF93672B57FE62003840F2 /* SportsBook-HomeWork.app */;
			productType = "com.apple.product-type.application";
		};
		CBFF937C2B57FE64003840F2 /* SportsBook-HomeWorkTests */ = {
			isa = PBXNativeTarget;
			buildConfigurationList = CBFF93942B57FE64003840F2 /* Build configuration list for PBXNativeTarget "SportsBook-HomeWorkTests" */;
			buildPhases = (
				CBFF93792B57FE64003840F2 /* Sources */,
				CBFF937A2B57FE64003840F2 /* Frameworks */,
				CBFF937B2B57FE64003840F2 /* Resources */,
			);
			buildRules = (
			);
			dependencies = (
				CBFF937F2B57FE64003840F2 /* PBXTargetDependency */,
			);
			name = "SportsBook-HomeWorkTests";
			packageProductDependencies = (
				CB245E5C2B5A93D900E10119 /* SnapshotTesting */,
			);
			productName = "SportsBook-HomeWorkTests";
			productReference = CBFF937D2B57FE64003840F2 /* SportsBook-HomeWorkTests.xctest */;
			productType = "com.apple.product-type.bundle.unit-test";
		};
/* End PBXNativeTarget section */

/* Begin PBXProject section */
		CBFF935F2B57FE61003840F2 /* Project object */ = {
			isa = PBXProject;
			attributes = {
				BuildIndependentTargetsInParallel = 1;
				LastSwiftUpdateCheck = 1500;
				LastUpgradeCheck = 1500;
				TargetAttributes = {
					CBFF93662B57FE62003840F2 = {
						CreatedOnToolsVersion = 15.0.1;
					};
					CBFF937C2B57FE64003840F2 = {
						CreatedOnToolsVersion = 15.0.1;
						TestTargetID = CBFF93662B57FE62003840F2;
					};
				};
			};
			buildConfigurationList = CBFF93622B57FE61003840F2 /* Build configuration list for PBXProject "SportsBook-HomeWork" */;
			compatibilityVersion = "Xcode 14.0";
			developmentRegion = en;
			hasScannedForEncodings = 0;
			knownRegions = (
				en,
				Base,
			);
			mainGroup = CBFF935E2B57FE61003840F2;
			packageReferences = (
				CB245E5B2B5A93D900E10119 /* XCRemoteSwiftPackageReference "swift-snapshot-testing" */,
			);
			productRefGroup = CBFF93682B57FE62003840F2 /* Products */;
			projectDirPath = "";
			projectRoot = "";
			targets = (
				CBFF93662B57FE62003840F2 /* SportsBook-HomeWork */,
				CBFF937C2B57FE64003840F2 /* SportsBook-HomeWorkTests */,
			);
		};
/* End PBXProject section */

/* Begin PBXResourcesBuildPhase section */
		CBFF93652B57FE62003840F2 /* Resources */ = {
			isa = PBXResourcesBuildPhase;
			buildActionMask = 2147483647;
			files = (
				CBFF93772B57FE64003840F2 /* LaunchScreen.storyboard in Resources */,
				CB245E852B5C5D0700E10119 /* Localizable.strings in Resources */,
				CBFF93742B57FE64003840F2 /* Assets.xcassets in Resources */,
			);
			runOnlyForDeploymentPostprocessing = 0;
		};
		CBFF937B2B57FE64003840F2 /* Resources */ = {
			isa = PBXResourcesBuildPhase;
			buildActionMask = 2147483647;
			files = (
			);
			runOnlyForDeploymentPostprocessing = 0;
		};
/* End PBXResourcesBuildPhase section */

/* Begin PBXSourcesBuildPhase section */
		CBFF93632B57FE62003840F2 /* Sources */ = {
			isa = PBXSourcesBuildPhase;
			buildActionMask = 2147483647;
			files = (
				CB245E4A2B5A15FB00E10119 /* StatusScreenPresenter.swift in Sources */,
				CB245E7A2B5C1D4200E10119 /* SportsListRouter.swift in Sources */,
				CB245E302B59F31E00E10119 /* NumberFormatter+OrdinalNumber.swift in Sources */,
				CB245E0A2B596DFE00E10119 /* NetworkService.swift in Sources */,
				CB245E762B5C16D800E10119 /* SportsListPresenter.swift in Sources */,
				CB245E162B59838F00E10119 /* GetSportsDataRequest.swift in Sources */,
				CB245DF42B58994200E10119 /* HTTPMethods.swift in Sources */,
				CB245E202B59976B00E10119 /* Runner.swift in Sources */,
				CB245E682B5ABA0100E10119 /* GenericTableViewCell.swift in Sources */,
				CB245E482B5A15D600E10119 /* StatusScreenViewController.swift in Sources */,
				CB245E512B5A208C00E10119 /* Activable.swift in Sources */,
				CB245DFC2B589A7300E10119 /* URL+Validation.swift in Sources */,
				CB245E372B59FF8600E10119 /* MainFlowModuleRouter.swift in Sources */,
				CB245E782B5C16E200E10119 /* SportsListInteractor.swift in Sources */,
				CB245E242B5997A100E10119 /* MarketType.swift in Sources */,
				CB245E892B5C6D5300E10119 /* UITableView+CommonTableView.swift in Sources */,
				CB245E1C2B59972600E10119 /* Event.swift in Sources */,
				CB245DFA2B5899FE00E10119 /* NetworkClientProtocol.swift in Sources */,
				CB245E332B59FF5100E10119 /* MainFlowModuleBuilder.swift in Sources */,
				CB245E6C2B5ACFAF00E10119 /* UITableVIew+registerCell.swift in Sources */,
				CB245E712B5C16A600E10119 /* SportsListBuilder.swift in Sources */,
				CB245E1E2B59975400E10119 /* PrimaryMarket.swift in Sources */,
				CB245E142B59829E00E10119 /* SportsData.swift in Sources */,
				CB245E282B59CF5400E10119 /* DateFormatter+iso8601.swift in Sources */,
				CB245E262B59983E00E10119 /* EventsData.swift in Sources */,
				CB245E222B59978900E10119 /* Odds.swift in Sources */,
				CB245E2C2B59ED6C00E10119 /* GetEventsDataRequest.swift in Sources */,
				CBFF936B2B57FE62003840F2 /* AppDelegate.swift in Sources */,
				CB245E662B5AB38F00E10119 /* SnapshotSupportContainer.swift in Sources */,
				CBFF936D2B57FE62003840F2 /* SceneDelegate.swift in Sources */,
				CB245E4C2B5A160700E10119 /* StatusScreenInteractor.swift in Sources */,
				CB245E8D2B5C950900E10119 /* TapAnimatedView.swift in Sources */,
				CB245E612B5AAA5D00E10119 /* BaseSportView.swift in Sources */,
				CB245E082B596D1800E10119 /* GetStatusRequest.swift in Sources */,
				CB245E4E2B5A160E00E10119 /* StatusScreenRouter.swift in Sources */,
				CB245E0D2B596E4700E10119 /* APIStatus.swift in Sources */,
				CB245E352B59FF7400E10119 /* MainFlowModulePresenter.swift in Sources */,
				CB245E462B5A157000E10119 /* StatusScreenBuilder.swift in Sources */,
				CB350FD72B5CA47900D3D82D /* Theme.swift in Sources */,
				CB245E742B5C16B800E10119 /* SportsListViewController.swift in Sources */,
				CB245DF82B5899DD00E10119 /* NetworkRequestProtocol.swift in Sources */,
				CBF1E7A22B585E84002D5FCD /* NetworkClient.swift in Sources */,
				CB245DF62B5899BC00E10119 /* NetworkErrors.swift in Sources */,
				CB245E6E2B5AD06C00E10119 /* UITableView+dequeuCell.swift in Sources */,
				CB245E7C2B5C214F00E10119 /* AlertPresentable.swift in Sources */,
				CB245E802B5C5B1300E10119 /* String+Localized.swift in Sources */,
				CB245E2A2B59D19500E10119 /* Date+FormattedString.swift in Sources */,
			);
			runOnlyForDeploymentPostprocessing = 0;
		};
		CBFF93792B57FE64003840F2 /* Sources */ = {
			isa = PBXSourcesBuildPhase;
			buildActionMask = 2147483647;
			files = (
				CB245E542B5A707A00E10119 /* StatusScreenBuilderTests.swift in Sources */,
				CB245E3D2B5A0D2500E10119 /* MainFlowModuleBuilderTests.swift in Sources */,
				CB245E122B59732C00E10119 /* NetworkServiceTests.swift in Sources */,
				CB245E052B59587E00E10119 /* NetworkRequestProtocolExtensionTests.swift in Sources */,
				CB245E582B5A805600E10119 /* StatusScreenInteractorTests.swift in Sources */,
				CB350FE02B5D641100D3D82D /* SportsListPresenterTests.swift in Sources */,
				CB245E2E2B59EDFB00E10119 /* GetEventsDataRequestTests.swift in Sources */,
				CB245E5A2B5A854800E10119 /* StatusScreenRouterTests.swift in Sources */,
				CB245E3F2B5A0F0000E10119 /* MainFlowModulePresenterTests.swift in Sources */,
				CB350FE42B5D642A00D3D82D /* SportsListRouterTests.swift in Sources */,
				CB245E642B5AB13F00E10119 /* BaseSportViewSnapshotTests.swift in Sources */,
				CB245E5F2B5A93F700E10119 /* StatusScreenViewControllerSnapshotTests.swift in Sources */,
				CB350FE22B5D642000D3D82D /* SportsListInteractorTests.swift in Sources */,
				CB350FDC2B5D63D000D3D82D /* SportsListBuilderTests.swift in Sources */,
				CBF1E7A42B586080002D5FCD /* NetworkClientTests.swift in Sources */,
				CB245E102B59721900E10119 /* GetStatusRequestTests.swift in Sources */,
				CB245E562B5A7CD000E10119 /* StatusScreenPresenterTests.swift in Sources */,
				CBF1E7A92B586310002D5FCD /* NetworkClientTestsMocks.swift in Sources */,
				CB350FDE2B5D63FC00D3D82D /* SportsListViewControllerSnapshotTests.swift in Sources */,
				CB245E182B5983E800E10119 /* GetSportsDataRequestTests.swift in Sources */,
				CB245E412B5A106700E10119 /* MainFlowModuleRouterTests.swift in Sources */,
			);
			runOnlyForDeploymentPostprocessing = 0;
		};
/* End PBXSourcesBuildPhase section */

/* Begin PBXTargetDependency section */
		CBFF937F2B57FE64003840F2 /* PBXTargetDependency */ = {
			isa = PBXTargetDependency;
			target = CBFF93662B57FE62003840F2 /* SportsBook-HomeWork */;
			targetProxy = CBFF937E2B57FE64003840F2 /* PBXContainerItemProxy */;
		};
/* End PBXTargetDependency section */

/* Begin PBXVariantGroup section */
		CB245E872B5C5D0700E10119 /* Localizable.strings */ = {
			isa = PBXVariantGroup;
			children = (
				CB245E862B5C5D0700E10119 /* en */,
			);
			name = Localizable.strings;
			sourceTree = "<group>";
		};
		CBFF93752B57FE64003840F2 /* LaunchScreen.storyboard */ = {
			isa = PBXVariantGroup;
			children = (
				CBFF93762B57FE64003840F2 /* Base */,
			);
			name = LaunchScreen.storyboard;
			sourceTree = "<group>";
		};
/* End PBXVariantGroup section */

/* Begin XCBuildConfiguration section */
		CBFF938F2B57FE64003840F2 /* Debug */ = {
			isa = XCBuildConfiguration;
			buildSettings = {
				ALWAYS_SEARCH_USER_PATHS = NO;
				ASSETCATALOG_COMPILER_GENERATE_SWIFT_ASSET_SYMBOL_EXTENSIONS = YES;
				CLANG_ANALYZER_NONNULL = YES;
				CLANG_ANALYZER_NUMBER_OBJECT_CONVERSION = YES_AGGRESSIVE;
				CLANG_CXX_LANGUAGE_STANDARD = "gnu++20";
				CLANG_ENABLE_MODULES = YES;
				CLANG_ENABLE_OBJC_ARC = YES;
				CLANG_ENABLE_OBJC_WEAK = YES;
				CLANG_WARN_BLOCK_CAPTURE_AUTORELEASING = YES;
				CLANG_WARN_BOOL_CONVERSION = YES;
				CLANG_WARN_COMMA = YES;
				CLANG_WARN_CONSTANT_CONVERSION = YES;
				CLANG_WARN_DEPRECATED_OBJC_IMPLEMENTATIONS = YES;
				CLANG_WARN_DIRECT_OBJC_ISA_USAGE = YES_ERROR;
				CLANG_WARN_DOCUMENTATION_COMMENTS = YES;
				CLANG_WARN_EMPTY_BODY = YES;
				CLANG_WARN_ENUM_CONVERSION = YES;
				CLANG_WARN_INFINITE_RECURSION = YES;
				CLANG_WARN_INT_CONVERSION = YES;
				CLANG_WARN_NON_LITERAL_NULL_CONVERSION = YES;
				CLANG_WARN_OBJC_IMPLICIT_RETAIN_SELF = YES;
				CLANG_WARN_OBJC_LITERAL_CONVERSION = YES;
				CLANG_WARN_OBJC_ROOT_CLASS = YES_ERROR;
				CLANG_WARN_QUOTED_INCLUDE_IN_FRAMEWORK_HEADER = YES;
				CLANG_WARN_RANGE_LOOP_ANALYSIS = YES;
				CLANG_WARN_STRICT_PROTOTYPES = YES;
				CLANG_WARN_SUSPICIOUS_MOVE = YES;
				CLANG_WARN_UNGUARDED_AVAILABILITY = YES_AGGRESSIVE;
				CLANG_WARN_UNREACHABLE_CODE = YES;
				CLANG_WARN__DUPLICATE_METHOD_MATCH = YES;
				COPY_PHASE_STRIP = NO;
				DEBUG_INFORMATION_FORMAT = dwarf;
				ENABLE_STRICT_OBJC_MSGSEND = YES;
				ENABLE_TESTABILITY = YES;
				ENABLE_USER_SCRIPT_SANDBOXING = YES;
				GCC_C_LANGUAGE_STANDARD = gnu17;
				GCC_DYNAMIC_NO_PIC = NO;
				GCC_NO_COMMON_BLOCKS = YES;
				GCC_OPTIMIZATION_LEVEL = 0;
				GCC_PREPROCESSOR_DEFINITIONS = (
					"DEBUG=1",
					"$(inherited)",
				);
				GCC_WARN_64_TO_32_BIT_CONVERSION = YES;
				GCC_WARN_ABOUT_RETURN_TYPE = YES_ERROR;
				GCC_WARN_UNDECLARED_SELECTOR = YES;
				GCC_WARN_UNINITIALIZED_AUTOS = YES_AGGRESSIVE;
				GCC_WARN_UNUSED_FUNCTION = YES;
				GCC_WARN_UNUSED_VARIABLE = YES;
				IPHONEOS_DEPLOYMENT_TARGET = 17.0;
				LOCALIZATION_PREFERS_STRING_CATALOGS = YES;
				MTL_ENABLE_DEBUG_INFO = INCLUDE_SOURCE;
				MTL_FAST_MATH = YES;
				ONLY_ACTIVE_ARCH = YES;
				SDKROOT = iphoneos;
				SWIFT_ACTIVE_COMPILATION_CONDITIONS = "DEBUG $(inherited)";
				SWIFT_OPTIMIZATION_LEVEL = "-Onone";
			};
			name = Debug;
		};
		CBFF93902B57FE64003840F2 /* Release */ = {
			isa = XCBuildConfiguration;
			buildSettings = {
				ALWAYS_SEARCH_USER_PATHS = NO;
				ASSETCATALOG_COMPILER_GENERATE_SWIFT_ASSET_SYMBOL_EXTENSIONS = YES;
				CLANG_ANALYZER_NONNULL = YES;
				CLANG_ANALYZER_NUMBER_OBJECT_CONVERSION = YES_AGGRESSIVE;
				CLANG_CXX_LANGUAGE_STANDARD = "gnu++20";
				CLANG_ENABLE_MODULES = YES;
				CLANG_ENABLE_OBJC_ARC = YES;
				CLANG_ENABLE_OBJC_WEAK = YES;
				CLANG_WARN_BLOCK_CAPTURE_AUTORELEASING = YES;
				CLANG_WARN_BOOL_CONVERSION = YES;
				CLANG_WARN_COMMA = YES;
				CLANG_WARN_CONSTANT_CONVERSION = YES;
				CLANG_WARN_DEPRECATED_OBJC_IMPLEMENTATIONS = YES;
				CLANG_WARN_DIRECT_OBJC_ISA_USAGE = YES_ERROR;
				CLANG_WARN_DOCUMENTATION_COMMENTS = YES;
				CLANG_WARN_EMPTY_BODY = YES;
				CLANG_WARN_ENUM_CONVERSION = YES;
				CLANG_WARN_INFINITE_RECURSION = YES;
				CLANG_WARN_INT_CONVERSION = YES;
				CLANG_WARN_NON_LITERAL_NULL_CONVERSION = YES;
				CLANG_WARN_OBJC_IMPLICIT_RETAIN_SELF = YES;
				CLANG_WARN_OBJC_LITERAL_CONVERSION = YES;
				CLANG_WARN_OBJC_ROOT_CLASS = YES_ERROR;
				CLANG_WARN_QUOTED_INCLUDE_IN_FRAMEWORK_HEADER = YES;
				CLANG_WARN_RANGE_LOOP_ANALYSIS = YES;
				CLANG_WARN_STRICT_PROTOTYPES = YES;
				CLANG_WARN_SUSPICIOUS_MOVE = YES;
				CLANG_WARN_UNGUARDED_AVAILABILITY = YES_AGGRESSIVE;
				CLANG_WARN_UNREACHABLE_CODE = YES;
				CLANG_WARN__DUPLICATE_METHOD_MATCH = YES;
				COPY_PHASE_STRIP = NO;
				DEBUG_INFORMATION_FORMAT = "dwarf-with-dsym";
				ENABLE_NS_ASSERTIONS = NO;
				ENABLE_STRICT_OBJC_MSGSEND = YES;
				ENABLE_USER_SCRIPT_SANDBOXING = YES;
				GCC_C_LANGUAGE_STANDARD = gnu17;
				GCC_NO_COMMON_BLOCKS = YES;
				GCC_WARN_64_TO_32_BIT_CONVERSION = YES;
				GCC_WARN_ABOUT_RETURN_TYPE = YES_ERROR;
				GCC_WARN_UNDECLARED_SELECTOR = YES;
				GCC_WARN_UNINITIALIZED_AUTOS = YES_AGGRESSIVE;
				GCC_WARN_UNUSED_FUNCTION = YES;
				GCC_WARN_UNUSED_VARIABLE = YES;
				IPHONEOS_DEPLOYMENT_TARGET = 17.0;
				LOCALIZATION_PREFERS_STRING_CATALOGS = YES;
				MTL_ENABLE_DEBUG_INFO = NO;
				MTL_FAST_MATH = YES;
				SDKROOT = iphoneos;
				SWIFT_COMPILATION_MODE = wholemodule;
				VALIDATE_PRODUCT = YES;
			};
			name = Release;
		};
		CBFF93922B57FE64003840F2 /* Debug */ = {
			isa = XCBuildConfiguration;
			buildSettings = {
				ASSETCATALOG_COMPILER_APPICON_NAME = AppIcon;
				ASSETCATALOG_COMPILER_GLOBAL_ACCENT_COLOR_NAME = AccentColor;
				CODE_SIGN_STYLE = Automatic;
				CURRENT_PROJECT_VERSION = 1;
				DEVELOPMENT_TEAM = G7LZKNB9W5;
				GENERATE_INFOPLIST_FILE = YES;
				INFOPLIST_FILE = "SportsBook-HomeWork/App/Base/Info.plist";
				INFOPLIST_KEY_CFBundleDisplayName = SportsBook;
				INFOPLIST_KEY_UIApplicationSupportsIndirectInputEvents = YES;
				INFOPLIST_KEY_UILaunchStoryboardName = LaunchScreen;
				INFOPLIST_KEY_UISupportedInterfaceOrientations = UIInterfaceOrientationPortrait;
				INFOPLIST_KEY_UISupportedInterfaceOrientations_iPad = "UIInterfaceOrientationLandscapeLeft UIInterfaceOrientationLandscapeRight UIInterfaceOrientationPortrait UIInterfaceOrientationPortraitUpsideDown";
				LD_RUNPATH_SEARCH_PATHS = (
					"$(inherited)",
					"@executable_path/Frameworks",
				);
				MARKETING_VERSION = 1.0;
				PRODUCT_BUNDLE_IDENTIFIER = "com.scalefocus.SportsBook-HomeWork";
				PRODUCT_NAME = "$(TARGET_NAME)";
				SWIFT_EMIT_LOC_STRINGS = YES;
				SWIFT_VERSION = 5.0;
				TARGETED_DEVICE_FAMILY = "1,2";
			};
			name = Debug;
		};
		CBFF93932B57FE64003840F2 /* Release */ = {
			isa = XCBuildConfiguration;
			buildSettings = {
				ASSETCATALOG_COMPILER_APPICON_NAME = AppIcon;
				ASSETCATALOG_COMPILER_GLOBAL_ACCENT_COLOR_NAME = AccentColor;
				CODE_SIGN_STYLE = Automatic;
				CURRENT_PROJECT_VERSION = 1;
				DEVELOPMENT_TEAM = G7LZKNB9W5;
				GENERATE_INFOPLIST_FILE = YES;
				INFOPLIST_FILE = "SportsBook-HomeWork/App/Base/Info.plist";
				INFOPLIST_KEY_CFBundleDisplayName = SportsBook;
				INFOPLIST_KEY_UIApplicationSupportsIndirectInputEvents = YES;
				INFOPLIST_KEY_UILaunchStoryboardName = LaunchScreen;
				INFOPLIST_KEY_UISupportedInterfaceOrientations = UIInterfaceOrientationPortrait;
				INFOPLIST_KEY_UISupportedInterfaceOrientations_iPad = "UIInterfaceOrientationLandscapeLeft UIInterfaceOrientationLandscapeRight UIInterfaceOrientationPortrait UIInterfaceOrientationPortraitUpsideDown";
				LD_RUNPATH_SEARCH_PATHS = (
					"$(inherited)",
					"@executable_path/Frameworks",
				);
				MARKETING_VERSION = 1.0;
				PRODUCT_BUNDLE_IDENTIFIER = "com.scalefocus.SportsBook-HomeWork";
				PRODUCT_NAME = "$(TARGET_NAME)";
				SWIFT_EMIT_LOC_STRINGS = YES;
				SWIFT_VERSION = 5.0;
				TARGETED_DEVICE_FAMILY = "1,2";
			};
			name = Release;
		};
		CBFF93952B57FE64003840F2 /* Debug */ = {
			isa = XCBuildConfiguration;
			buildSettings = {
				ALWAYS_EMBED_SWIFT_STANDARD_LIBRARIES = YES;
				BUNDLE_LOADER = "$(TEST_HOST)";
				CODE_SIGN_STYLE = Automatic;
				CURRENT_PROJECT_VERSION = 1;
				DEVELOPMENT_TEAM = G7LZKNB9W5;
				GENERATE_INFOPLIST_FILE = YES;
				IPHONEOS_DEPLOYMENT_TARGET = 17.0;
				MARKETING_VERSION = 1.0;
				PRODUCT_BUNDLE_IDENTIFIER = "com.scalefocus.SportsBook-HomeWorkTests";
				PRODUCT_NAME = "$(TARGET_NAME)";
				SWIFT_EMIT_LOC_STRINGS = NO;
				SWIFT_VERSION = 5.0;
				TARGETED_DEVICE_FAMILY = "1,2";
				TEST_HOST = "$(BUILT_PRODUCTS_DIR)/SportsBook-HomeWork.app/$(BUNDLE_EXECUTABLE_FOLDER_PATH)/SportsBook-HomeWork";
			};
			name = Debug;
		};
		CBFF93962B57FE64003840F2 /* Release */ = {
			isa = XCBuildConfiguration;
			buildSettings = {
				ALWAYS_EMBED_SWIFT_STANDARD_LIBRARIES = YES;
				BUNDLE_LOADER = "$(TEST_HOST)";
				CODE_SIGN_STYLE = Automatic;
				CURRENT_PROJECT_VERSION = 1;
				DEVELOPMENT_TEAM = G7LZKNB9W5;
				GENERATE_INFOPLIST_FILE = YES;
				IPHONEOS_DEPLOYMENT_TARGET = 17.0;
				MARKETING_VERSION = 1.0;
				PRODUCT_BUNDLE_IDENTIFIER = "com.scalefocus.SportsBook-HomeWorkTests";
				PRODUCT_NAME = "$(TARGET_NAME)";
				SWIFT_EMIT_LOC_STRINGS = NO;
				SWIFT_VERSION = 5.0;
				TARGETED_DEVICE_FAMILY = "1,2";
				TEST_HOST = "$(BUILT_PRODUCTS_DIR)/SportsBook-HomeWork.app/$(BUNDLE_EXECUTABLE_FOLDER_PATH)/SportsBook-HomeWork";
			};
			name = Release;
		};
/* End XCBuildConfiguration section */

/* Begin XCConfigurationList section */
		CBFF93622B57FE61003840F2 /* Build configuration list for PBXProject "SportsBook-HomeWork" */ = {
			isa = XCConfigurationList;
			buildConfigurations = (
				CBFF938F2B57FE64003840F2 /* Debug */,
				CBFF93902B57FE64003840F2 /* Release */,
			);
			defaultConfigurationIsVisible = 0;
			defaultConfigurationName = Release;
		};
		CBFF93912B57FE64003840F2 /* Build configuration list for PBXNativeTarget "SportsBook-HomeWork" */ = {
			isa = XCConfigurationList;
			buildConfigurations = (
				CBFF93922B57FE64003840F2 /* Debug */,
				CBFF93932B57FE64003840F2 /* Release */,
			);
			defaultConfigurationIsVisible = 0;
			defaultConfigurationName = Release;
		};
		CBFF93942B57FE64003840F2 /* Build configuration list for PBXNativeTarget "SportsBook-HomeWorkTests" */ = {
			isa = XCConfigurationList;
			buildConfigurations = (
				CBFF93952B57FE64003840F2 /* Debug */,
				CBFF93962B57FE64003840F2 /* Release */,
			);
			defaultConfigurationIsVisible = 0;
			defaultConfigurationName = Release;
		};
/* End XCConfigurationList section */

/* Begin XCRemoteSwiftPackageReference section */
		CB245E5B2B5A93D900E10119 /* XCRemoteSwiftPackageReference "swift-snapshot-testing" */ = {
			isa = XCRemoteSwiftPackageReference;
			repositoryURL = "https://github.com/pointfreeco/swift-snapshot-testing";
			requirement = {
				kind = upToNextMajorVersion;
				minimumVersion = 1.15.2;
			};
		};
/* End XCRemoteSwiftPackageReference section */

/* Begin XCSwiftPackageProductDependency section */
		CB245E5C2B5A93D900E10119 /* SnapshotTesting */ = {
			isa = XCSwiftPackageProductDependency;
			package = CB245E5B2B5A93D900E10119 /* XCRemoteSwiftPackageReference "swift-snapshot-testing" */;
			productName = SnapshotTesting;
		};
/* End XCSwiftPackageProductDependency section */
	};
	rootObject = CBFF935F2B57FE61003840F2 /* Project object */;
}
